
Microsoft Visual Studio Solution File, Format Version 12.00
# Visual Studio Version 16
VisualStudioVersion = 16.0.32002.261
MinimumVisualStudioVersion = 10.0.40219.1
Project("{FAE04EC0-301F-11D3-BF4B-00C04F79EFBC}") = "Demo", "Demo\Demo.csproj", "{5A21CD88-8523-40D2-A251-121E10C25652}"
EndProject
Global
	GlobalSection(SolutionConfigurationPlatforms) = preSolution
		Debug|Any CPU = Debug|Any CPU
		Release|Any CPU = Release|Any CPU
	EndGlobalSection
	GlobalSection(ProjectConfigurationPlatforms) = postSolution
		{5A21CD88-8523-40D2-A251-121E10C25652}.Debug|Any CPU.ActiveCfg = Debug|Any CPU
		{5A21CD88-8523-40D2-A251-121E10C25652}.Debug|Any CPU.Build.0 = Debug|Any CPU
		{5A21CD88-8523-40D2-A251-121E10C25652}.Release|Any CPU.ActiveCfg = Release|Any CPU
		{5A21CD88-8523-40D2-A251-121E10C25652}.Release|Any CPU.Build.0 = Release|Any CPU
	EndGlobalSection
	GlobalSection(SolutionProperties) = preSolution
		HideSolutionNode = FALSE
	EndGlobalSection
	GlobalSection(ExtensibilityGlobals) = postSolution
		SolutionGuid = {4F2D3327-F469-4C94-9634-F1AEAF593DEF}
	EndGlobalSection
EndGlobal
